// !$*UTF8*$!
{
	archiveVersion = 1;
	classes = {
	};
	objectVersion = 55;
	objects = {

/* Begin PBXBuildFile section */
		B616CA842840EACC009F4AA4 /* TwiterSwiftUIApp.swift in Sources */ = {isa = PBXBuildFile; fileRef = B616CA832840EACC009F4AA4 /* TwiterSwiftUIApp.swift */; };
		B616CA862840EACC009F4AA4 /* ContentView.swift in Sources */ = {isa = PBXBuildFile; fileRef = B616CA852840EACC009F4AA4 /* ContentView.swift */; };
		B616CA882840EACF009F4AA4 /* Assets.xcassets in Resources */ = {isa = PBXBuildFile; fileRef = B616CA872840EACF009F4AA4 /* Assets.xcassets */; };
		B616CA8B2840EACF009F4AA4 /* Preview Assets.xcassets in Resources */ = {isa = PBXBuildFile; fileRef = B616CA8A2840EACF009F4AA4 /* Preview Assets.xcassets */; };
		B616CA9C2840EBCE009F4AA4 /* FeedView.swift in Sources */ = {isa = PBXBuildFile; fileRef = B616CA9B2840EBCE009F4AA4 /* FeedView.swift */; };
		B616CA9F2840EC83009F4AA4 /* TweetsRowView.swift in Sources */ = {isa = PBXBuildFile; fileRef = B616CA9E2840EC83009F4AA4 /* TweetsRowView.swift */; };
		B616CAA22840F175009F4AA4 /* MainTabView.swift in Sources */ = {isa = PBXBuildFile; fileRef = B616CAA12840F175009F4AA4 /* MainTabView.swift */; };
		B616CAA92840F279009F4AA4 /* ExploreView.swift in Sources */ = {isa = PBXBuildFile; fileRef = B616CAA82840F279009F4AA4 /* ExploreView.swift */; };
		B616CAAB2840F28E009F4AA4 /* NotificationsView.swift in Sources */ = {isa = PBXBuildFile; fileRef = B616CAAA2840F28E009F4AA4 /* NotificationsView.swift */; };
		B616CAAD2840F29E009F4AA4 /* MessagesView.swift in Sources */ = {isa = PBXBuildFile; fileRef = B616CAAC2840F29E009F4AA4 /* MessagesView.swift */; };
		B616CAB12840F4D7009F4AA4 /* ProfileView.swift in Sources */ = {isa = PBXBuildFile; fileRef = B616CAB02840F4D7009F4AA4 /* ProfileView.swift */; };
		B616CAB32840FACB009F4AA4 /* TweetFilterViewModel.swift in Sources */ = {isa = PBXBuildFile; fileRef = B616CAB22840FACB009F4AA4 /* TweetFilterViewModel.swift */; };
		B690464D28425134002FAFA5 /* UserRowView.swift in Sources */ = {isa = PBXBuildFile; fileRef = B690464C28425134002FAFA5 /* UserRowView.swift */; };
		B6904652284253DC002FAFA5 /* SideMenuView.swift in Sources */ = {isa = PBXBuildFile; fileRef = B6904651284253DC002FAFA5 /* SideMenuView.swift */; };
		B6904657284253FC002FAFA5 /* SideMenuViewModel.swift in Sources */ = {isa = PBXBuildFile; fileRef = B6904656284253FC002FAFA5 /* SideMenuViewModel.swift */; };
		B690465928425593002FAFA5 /* UserStatsView.swift in Sources */ = {isa = PBXBuildFile; fileRef = B690465828425593002FAFA5 /* UserStatsView.swift */; };
		B690465B284260CB002FAFA5 /* SideMenuOptionRowView.swift in Sources */ = {isa = PBXBuildFile; fileRef = B690465A284260CB002FAFA5 /* SideMenuOptionRowView.swift */; };
		B690466028426908002FAFA5 /* NewTweetView.swift in Sources */ = {isa = PBXBuildFile; fileRef = B690465F28426908002FAFA5 /* NewTweetView.swift */; };
		B690466228426A09002FAFA5 /* TextArea.swift in Sources */ = {isa = PBXBuildFile; fileRef = B690466128426A09002FAFA5 /* TextArea.swift */; };
		B690466728426F1C002FAFA5 /* LoginView.swift in Sources */ = {isa = PBXBuildFile; fileRef = B690466628426F1C002FAFA5 /* LoginView.swift */; };
		B690466928426F29002FAFA5 /* RegistrationView.swift in Sources */ = {isa = PBXBuildFile; fileRef = B690466828426F29002FAFA5 /* RegistrationView.swift */; };
		B690466B28427036002FAFA5 /* RoundedShape.swift in Sources */ = {isa = PBXBuildFile; fileRef = B690466A28427036002FAFA5 /* RoundedShape.swift */; };
		B690466D28427401002FAFA5 /* CustomInputField.swift in Sources */ = {isa = PBXBuildFile; fileRef = B690466C28427401002FAFA5 /* CustomInputField.swift */; };
		B69046702842761B002FAFA5 /* AuthHeaderView.swift in Sources */ = {isa = PBXBuildFile; fileRef = B690466F2842761B002FAFA5 /* AuthHeaderView.swift */; };
/* End PBXBuildFile section */

/* Begin PBXFileReference section */
		B616CA802840EACC009F4AA4 /* TwiterSwiftUI.app */ = {isa = PBXFileReference; explicitFileType = wrapper.application; includeInIndex = 0; path = TwiterSwiftUI.app; sourceTree = BUILT_PRODUCTS_DIR; };
		B616CA832840EACC009F4AA4 /* TwiterSwiftUIApp.swift */ = {isa = PBXFileReference; lastKnownFileType = sourcecode.swift; path = TwiterSwiftUIApp.swift; sourceTree = "<group>"; };
		B616CA852840EACC009F4AA4 /* ContentView.swift */ = {isa = PBXFileReference; lastKnownFileType = sourcecode.swift; path = ContentView.swift; sourceTree = "<group>"; };
		B616CA872840EACF009F4AA4 /* Assets.xcassets */ = {isa = PBXFileReference; lastKnownFileType = folder.assetcatalog; path = Assets.xcassets; sourceTree = "<group>"; };
		B616CA8A2840EACF009F4AA4 /* Preview Assets.xcassets */ = {isa = PBXFileReference; lastKnownFileType = folder.assetcatalog; path = "Preview Assets.xcassets"; sourceTree = "<group>"; };
		B616CA9B2840EBCE009F4AA4 /* FeedView.swift */ = {isa = PBXFileReference; lastKnownFileType = sourcecode.swift; path = FeedView.swift; sourceTree = "<group>"; };
		B616CA9E2840EC83009F4AA4 /* TweetsRowView.swift */ = {isa = PBXFileReference; lastKnownFileType = sourcecode.swift; path = TweetsRowView.swift; sourceTree = "<group>"; };
		B616CAA12840F175009F4AA4 /* MainTabView.swift */ = {isa = PBXFileReference; lastKnownFileType = sourcecode.swift; path = MainTabView.swift; sourceTree = "<group>"; };
		B616CAA82840F279009F4AA4 /* ExploreView.swift */ = {isa = PBXFileReference; lastKnownFileType = sourcecode.swift; path = ExploreView.swift; sourceTree = "<group>"; };
		B616CAAA2840F28E009F4AA4 /* NotificationsView.swift */ = {isa = PBXFileReference; lastKnownFileType = sourcecode.swift; path = NotificationsView.swift; sourceTree = "<group>"; };
		B616CAAC2840F29E009F4AA4 /* MessagesView.swift */ = {isa = PBXFileReference; lastKnownFileType = sourcecode.swift; path = MessagesView.swift; sourceTree = "<group>"; };
		B616CAB02840F4D7009F4AA4 /* ProfileView.swift */ = {isa = PBXFileReference; lastKnownFileType = sourcecode.swift; path = ProfileView.swift; sourceTree = "<group>"; };
		B616CAB22840FACB009F4AA4 /* TweetFilterViewModel.swift */ = {isa = PBXFileReference; lastKnownFileType = sourcecode.swift; path = TweetFilterViewModel.swift; sourceTree = "<group>"; };
		B690464C28425134002FAFA5 /* UserRowView.swift */ = {isa = PBXFileReference; lastKnownFileType = sourcecode.swift; path = UserRowView.swift; sourceTree = "<group>"; };
		B6904651284253DC002FAFA5 /* SideMenuView.swift */ = {isa = PBXFileReference; lastKnownFileType = sourcecode.swift; path = SideMenuView.swift; sourceTree = "<group>"; };
		B6904656284253FC002FAFA5 /* SideMenuViewModel.swift */ = {isa = PBXFileReference; lastKnownFileType = sourcecode.swift; path = SideMenuViewModel.swift; sourceTree = "<group>"; };
		B690465828425593002FAFA5 /* UserStatsView.swift */ = {isa = PBXFileReference; lastKnownFileType = sourcecode.swift; path = UserStatsView.swift; sourceTree = "<group>"; };
		B690465A284260CB002FAFA5 /* SideMenuOptionRowView.swift */ = {isa = PBXFileReference; lastKnownFileType = sourcecode.swift; path = SideMenuOptionRowView.swift; sourceTree = "<group>"; };
		B690465F28426908002FAFA5 /* NewTweetView.swift */ = {isa = PBXFileReference; lastKnownFileType = sourcecode.swift; path = NewTweetView.swift; sourceTree = "<group>"; };
		B690466128426A09002FAFA5 /* TextArea.swift */ = {isa = PBXFileReference; lastKnownFileType = sourcecode.swift; path = TextArea.swift; sourceTree = "<group>"; };
		B690466628426F1C002FAFA5 /* LoginView.swift */ = {isa = PBXFileReference; lastKnownFileType = sourcecode.swift; path = LoginView.swift; sourceTree = "<group>"; };
		B690466828426F29002FAFA5 /* RegistrationView.swift */ = {isa = PBXFileReference; lastKnownFileType = sourcecode.swift; path = RegistrationView.swift; sourceTree = "<group>"; };
		B690466A28427036002FAFA5 /* RoundedShape.swift */ = {isa = PBXFileReference; lastKnownFileType = sourcecode.swift; path = RoundedShape.swift; sourceTree = "<group>"; };
		B690466C28427401002FAFA5 /* CustomInputField.swift */ = {isa = PBXFileReference; lastKnownFileType = sourcecode.swift; path = CustomInputField.swift; sourceTree = "<group>"; };
		B690466F2842761B002FAFA5 /* AuthHeaderView.swift */ = {isa = PBXFileReference; lastKnownFileType = sourcecode.swift; path = AuthHeaderView.swift; sourceTree = "<group>"; };
/* End PBXFileReference section */

/* Begin PBXFrameworksBuildPhase section */
		B616CA7D2840EACC009F4AA4 /* Frameworks */ = {
			isa = PBXFrameworksBuildPhase;
			buildActionMask = 2147483647;
			files = (
			);
			runOnlyForDeploymentPostprocessing = 0;
		};
/* End PBXFrameworksBuildPhase section */

/* Begin PBXGroup section */
		B616CA772840EACC009F4AA4 = {
			isa = PBXGroup;
			children = (
				B616CA822840EACC009F4AA4 /* TwiterSwiftUI */,
				B616CA812840EACC009F4AA4 /* Products */,
			);
			sourceTree = "<group>";
		};
		B616CA812840EACC009F4AA4 /* Products */ = {
			isa = PBXGroup;
			children = (
				B616CA802840EACC009F4AA4 /* TwiterSwiftUI.app */,
			);
			name = Products;
			sourceTree = "<group>";
		};
		B616CA822840EACC009F4AA4 /* TwiterSwiftUI */ = {
			isa = PBXGroup;
			children = (
				B616CA912840EAE4009F4AA4 /* Extensions */,
				B616CA952840EB1A009F4AA4 /* Model */,
				B616CA942840EB18009F4AA4 /* Service */,
				B616CA922840EB10009F4AA4 /* Core */,
				B616CA832840EACC009F4AA4 /* TwiterSwiftUIApp.swift */,
				B616CA852840EACC009F4AA4 /* ContentView.swift */,
				B616CA872840EACF009F4AA4 /* Assets.xcassets */,
				B616CA892840EACF009F4AA4 /* Preview Content */,
			);
			path = TwiterSwiftUI;
			sourceTree = "<group>";
		};
		B616CA892840EACF009F4AA4 /* Preview Content */ = {
			isa = PBXGroup;
			children = (
				B616CA8A2840EACF009F4AA4 /* Preview Assets.xcassets */,
			);
			path = "Preview Content";
			sourceTree = "<group>";
		};
		B616CA912840EAE4009F4AA4 /* Extensions */ = {
			isa = PBXGroup;
			children = (
			);
			path = Extensions;
			sourceTree = "<group>";
		};
		B616CA922840EB10009F4AA4 /* Core */ = {
			isa = PBXGroup;
			children = (
				B690466328426F06002FAFA5 /* Authentication */,
				B690465C284268ED002FAFA5 /* UploadTweet */,
				B690464E284253C3002FAFA5 /* SideMenu */,
				B616CA972840EB37009F4AA4 /* Components */,
				B616CAA72840F260009F4AA4 /* Profile */,
				B616CAA62840F23F009F4AA4 /* Explore */,
				B616CAA52840F23A009F4AA4 /* Notifications */,
				B616CAA32840F22F009F4AA4 /* Messages */,
				B616CAA02840F15D009F4AA4 /* MainTab */,
				B616CA982840EB3E009F4AA4 /* Feed */,
			);
			path = Core;
			sourceTree = "<group>";
		};
		B616CA942840EB18009F4AA4 /* Service */ = {
			isa = PBXGroup;
			children = (
			);
			path = Service;
			sourceTree = "<group>";
		};
		B616CA952840EB1A009F4AA4 /* Model */ = {
			isa = PBXGroup;
			children = (
			);
			path = Model;
			sourceTree = "<group>";
		};
		B616CA972840EB37009F4AA4 /* Components */ = {
			isa = PBXGroup;
			children = (
				B690466E2842760D002FAFA5 /* Authentication */,
				B690464B28425123002FAFA5 /* Users */,
				B616CA9D2840EC4F009F4AA4 /* Tweets */,
				B690466128426A09002FAFA5 /* TextArea.swift */,
				B690466A28427036002FAFA5 /* RoundedShape.swift */,
				B690466C28427401002FAFA5 /* CustomInputField.swift */,
			);
			path = Components;
			sourceTree = "<group>";
		};
		B616CA982840EB3E009F4AA4 /* Feed */ = {
			isa = PBXGroup;
			children = (
				B616CA9A2840EBA8009F4AA4 /* View */,
				B616CA992840EBA3009F4AA4 /* View Models */,
			);
			path = Feed;
			sourceTree = "<group>";
		};
		B616CA992840EBA3009F4AA4 /* View Models */ = {
			isa = PBXGroup;
			children = (
			);
			path = "View Models";
			sourceTree = "<group>";
		};
		B616CA9A2840EBA8009F4AA4 /* View */ = {
			isa = PBXGroup;
			children = (
				B616CA9B2840EBCE009F4AA4 /* FeedView.swift */,
			);
			path = View;
			sourceTree = "<group>";
		};
		B616CA9D2840EC4F009F4AA4 /* Tweets */ = {
			isa = PBXGroup;
			children = (
				B616CA9E2840EC83009F4AA4 /* TweetsRowView.swift */,
			);
			path = Tweets;
			sourceTree = "<group>";
		};
		B616CAA02840F15D009F4AA4 /* MainTab */ = {
			isa = PBXGroup;
			children = (
				B616CAA12840F175009F4AA4 /* MainTabView.swift */,
			);
			path = MainTab;
			sourceTree = "<group>";
		};
		B616CAA32840F22F009F4AA4 /* Messages */ = {
			isa = PBXGroup;
			children = (
				B616CAAC2840F29E009F4AA4 /* MessagesView.swift */,
			);
			path = Messages;
			sourceTree = "<group>";
		};
		B616CAA52840F23A009F4AA4 /* Notifications */ = {
			isa = PBXGroup;
			children = (
				B616CAAA2840F28E009F4AA4 /* NotificationsView.swift */,
			);
			path = Notifications;
			sourceTree = "<group>";
		};
		B616CAA62840F23F009F4AA4 /* Explore */ = {
			isa = PBXGroup;
			children = (
				B690464A284250DC002FAFA5 /* ViewModels */,
				B6904649284250D7002FAFA5 /* Views */,
			);
			path = Explore;
			sourceTree = "<group>";
		};
		B616CAA72840F260009F4AA4 /* Profile */ = {
			isa = PBXGroup;
			children = (
				B616CAAF2840F4CD009F4AA4 /* Views */,
				B616CAAE2840F4C6009F4AA4 /* ViewModels */,
			);
			path = Profile;
			sourceTree = "<group>";
		};
		B616CAAE2840F4C6009F4AA4 /* ViewModels */ = {
			isa = PBXGroup;
			children = (
				B616CAB22840FACB009F4AA4 /* TweetFilterViewModel.swift */,
			);
			path = ViewModels;
			sourceTree = "<group>";
		};
		B616CAAF2840F4CD009F4AA4 /* Views */ = {
			isa = PBXGroup;
			children = (
				B616CAB02840F4D7009F4AA4 /* ProfileView.swift */,
			);
			path = Views;
			sourceTree = "<group>";
		};
		B6904649284250D7002FAFA5 /* Views */ = {
			isa = PBXGroup;
			children = (
				B616CAA82840F279009F4AA4 /* ExploreView.swift */,
			);
			path = Views;
			sourceTree = "<group>";
		};
		B690464A284250DC002FAFA5 /* ViewModels */ = {
			isa = PBXGroup;
			children = (
			);
			path = ViewModels;
			sourceTree = "<group>";
		};
		B690464B28425123002FAFA5 /* Users */ = {
			isa = PBXGroup;
			children = (
				B690464C28425134002FAFA5 /* UserRowView.swift */,
				B690465828425593002FAFA5 /* UserStatsView.swift */,
			);
			path = Users;
			sourceTree = "<group>";
		};
		B690464E284253C3002FAFA5 /* SideMenu */ = {
			isa = PBXGroup;
			children = (
				B6904650284253D1002FAFA5 /* Views */,
				B690464F284253CC002FAFA5 /* ViewModel */,
			);
			path = SideMenu;
			sourceTree = "<group>";
		};
		B690464F284253CC002FAFA5 /* ViewModel */ = {
			isa = PBXGroup;
			children = (
				B6904656284253FC002FAFA5 /* SideMenuViewModel.swift */,
			);
			path = ViewModel;
			sourceTree = "<group>";
		};
		B6904650284253D1002FAFA5 /* Views */ = {
			isa = PBXGroup;
			children = (
				B6904651284253DC002FAFA5 /* SideMenuView.swift */,
				B690465A284260CB002FAFA5 /* SideMenuOptionRowView.swift */,
			);
			path = Views;
			sourceTree = "<group>";
		};
		B690465C284268ED002FAFA5 /* UploadTweet */ = {
			isa = PBXGroup;
			children = (
				B690465E284268FA002FAFA5 /* Views */,
				B690465D284268F6002FAFA5 /* ViewModels */,
			);
			path = UploadTweet;
			sourceTree = "<group>";
		};
		B690465D284268F6002FAFA5 /* ViewModels */ = {
			isa = PBXGroup;
			children = (
			);
			path = ViewModels;
			sourceTree = "<group>";
		};
		B690465E284268FA002FAFA5 /* Views */ = {
			isa = PBXGroup;
			children = (
				B690465F28426908002FAFA5 /* NewTweetView.swift */,
			);
			path = Views;
			sourceTree = "<group>";
		};
		B690466328426F06002FAFA5 /* Authentication */ = {
			isa = PBXGroup;
			children = (
				B690466528426F14002FAFA5 /* Views */,
				B690466428426F0C002FAFA5 /* ViewModel */,
			);
			path = Authentication;
			sourceTree = "<group>";
		};
		B690466428426F0C002FAFA5 /* ViewModel */ = {
			isa = PBXGroup;
			children = (
			);
			path = ViewModel;
			sourceTree = "<group>";
		};
		B690466528426F14002FAFA5 /* Views */ = {
			isa = PBXGroup;
			children = (
				B690466628426F1C002FAFA5 /* LoginView.swift */,
				B690466828426F29002FAFA5 /* RegistrationView.swift */,
			);
			path = Views;
			sourceTree = "<group>";
		};
		B690466E2842760D002FAFA5 /* Authentication */ = {
			isa = PBXGroup;
			children = (
				B690466F2842761B002FAFA5 /* AuthHeaderView.swift */,
			);
			path = Authentication;
			sourceTree = "<group>";
		};
/* End PBXGroup section */

/* Begin PBXNativeTarget section */
		B616CA7F2840EACC009F4AA4 /* TwiterSwiftUI */ = {
			isa = PBXNativeTarget;
			buildConfigurationList = B616CA8E2840EACF009F4AA4 /* Build configuration list for PBXNativeTarget "TwiterSwiftUI" */;
			buildPhases = (
				B616CA7C2840EACC009F4AA4 /* Sources */,
				B616CA7D2840EACC009F4AA4 /* Frameworks */,
				B616CA7E2840EACC009F4AA4 /* Resources */,
			);
			buildRules = (
			);
			dependencies = (
			);
			name = TwiterSwiftUI;
			productName = TwiterSwiftUI;
			productReference = B616CA802840EACC009F4AA4 /* TwiterSwiftUI.app */;
			productType = "com.apple.product-type.application";
		};
/* End PBXNativeTarget section */

/* Begin PBXProject section */
		B616CA782840EACC009F4AA4 /* Project object */ = {
			isa = PBXProject;
			attributes = {
				BuildIndependentTargetsInParallel = 1;
				LastSwiftUpdateCheck = 1330;
				LastUpgradeCheck = 1330;
				TargetAttributes = {
					B616CA7F2840EACC009F4AA4 = {
						CreatedOnToolsVersion = 13.3;
					};
				};
			};
			buildConfigurationList = B616CA7B2840EACC009F4AA4 /* Build configuration list for PBXProject "TwiterSwiftUI" */;
			compatibilityVersion = "Xcode 13.0";
			developmentRegion = en;
			hasScannedForEncodings = 0;
			knownRegions = (
				en,
				Base,
			);
			mainGroup = B616CA772840EACC009F4AA4;
			productRefGroup = B616CA812840EACC009F4AA4 /* Products */;
			projectDirPath = "";
			projectRoot = "";
			targets = (
				B616CA7F2840EACC009F4AA4 /* TwiterSwiftUI */,
			);
		};
/* End PBXProject section */

/* Begin PBXResourcesBuildPhase section */
		B616CA7E2840EACC009F4AA4 /* Resources */ = {
			isa = PBXResourcesBuildPhase;
			buildActionMask = 2147483647;
			files = (
				B616CA8B2840EACF009F4AA4 /* Preview Assets.xcassets in Resources */,
				B616CA882840EACF009F4AA4 /* Assets.xcassets in Resources */,
			);
			runOnlyForDeploymentPostprocessing = 0;
		};
/* End PBXResourcesBuildPhase section */

/* Begin PBXSourcesBuildPhase section */
		B616CA7C2840EACC009F4AA4 /* Sources */ = {
			isa = PBXSourcesBuildPhase;
			buildActionMask = 2147483647;
			files = (
				B616CAAD2840F29E009F4AA4 /* MessagesView.swift in Sources */,
				B616CAB12840F4D7009F4AA4 /* ProfileView.swift in Sources */,
				B616CA862840EACC009F4AA4 /* ContentView.swift in Sources */,
				B616CA9F2840EC83009F4AA4 /* TweetsRowView.swift in Sources */,
				B690466D28427401002FAFA5 /* CustomInputField.swift in Sources */,
				B616CAB32840FACB009F4AA4 /* TweetFilterViewModel.swift in Sources */,
				B616CA9C2840EBCE009F4AA4 /* FeedView.swift in Sources */,
				B6904652284253DC002FAFA5 /* SideMenuView.swift in Sources */,
				B616CA842840EACC009F4AA4 /* TwiterSwiftUIApp.swift in Sources */,
				B616CAA92840F279009F4AA4 /* ExploreView.swift in Sources */,
				B6904657284253FC002FAFA5 /* SideMenuViewModel.swift in Sources */,
				B690466228426A09002FAFA5 /* TextArea.swift in Sources */,
				B690464D28425134002FAFA5 /* UserRowView.swift in Sources */,
				B690466728426F1C002FAFA5 /* LoginView.swift in Sources */,
				B690466928426F29002FAFA5 /* RegistrationView.swift in Sources */,
				B690466028426908002FAFA5 /* NewTweetView.swift in Sources */,
				B69046702842761B002FAFA5 /* AuthHeaderView.swift in Sources */,
				B690466B28427036002FAFA5 /* RoundedShape.swift in Sources */,
				B690465B284260CB002FAFA5 /* SideMenuOptionRowView.swift in Sources */,
				B616CAA22840F175009F4AA4 /* MainTabView.swift in Sources */,
				B616CAAB2840F28E009F4AA4 /* NotificationsView.swift in Sources */,
				B690465928425593002FAFA5 /* UserStatsView.swift in Sources */,
			);
			runOnlyForDeploymentPostprocessing = 0;
		};
/* End PBXSourcesBuildPhase section */

/* Begin XCBuildConfiguration section */
		B616CA8C2840EACF009F4AA4 /* Debug */ = {
			isa = XCBuildConfiguration;
			buildSettings = {
				ALWAYS_SEARCH_USER_PATHS = NO;
				CLANG_ANALYZER_NONNULL = YES;
				CLANG_ANALYZER_NUMBER_OBJECT_CONVERSION = YES_AGGRESSIVE;
				CLANG_CXX_LANGUAGE_STANDARD = "gnu++17";
				CLANG_ENABLE_MODULES = YES;
				CLANG_ENABLE_OBJC_ARC = YES;
				CLANG_ENABLE_OBJC_WEAK = YES;
				CLANG_WARN_BLOCK_CAPTURE_AUTORELEASING = YES;
				CLANG_WARN_BOOL_CONVERSION = YES;
				CLANG_WARN_COMMA = YES;
				CLANG_WARN_CONSTANT_CONVERSION = YES;
				CLANG_WARN_DEPRECATED_OBJC_IMPLEMENTATIONS = YES;
				CLANG_WARN_DIRECT_OBJC_ISA_USAGE = YES_ERROR;
				CLANG_WARN_DOCUMENTATION_COMMENTS = YES;
				CLANG_WARN_EMPTY_BODY = YES;
				CLANG_WARN_ENUM_CONVERSION = YES;
				CLANG_WARN_INFINITE_RECURSION = YES;
				CLANG_WARN_INT_CONVERSION = YES;
				CLANG_WARN_NON_LITERAL_NULL_CONVERSION = YES;
				CLANG_WARN_OBJC_IMPLICIT_RETAIN_SELF = YES;
				CLANG_WARN_OBJC_LITERAL_CONVERSION = YES;
				CLANG_WARN_OBJC_ROOT_CLASS = YES_ERROR;
				CLANG_WARN_QUOTED_INCLUDE_IN_FRAMEWORK_HEADER = YES;
				CLANG_WARN_RANGE_LOOP_ANALYSIS = YES;
				CLANG_WARN_STRICT_PROTOTYPES = YES;
				CLANG_WARN_SUSPICIOUS_MOVE = YES;
				CLANG_WARN_UNGUARDED_AVAILABILITY = YES_AGGRESSIVE;
				CLANG_WARN_UNREACHABLE_CODE = YES;
				CLANG_WARN__DUPLICATE_METHOD_MATCH = YES;
				COPY_PHASE_STRIP = NO;
				DEBUG_INFORMATION_FORMAT = dwarf;
				ENABLE_STRICT_OBJC_MSGSEND = YES;
				ENABLE_TESTABILITY = YES;
				GCC_C_LANGUAGE_STANDARD = gnu11;
				GCC_DYNAMIC_NO_PIC = NO;
				GCC_NO_COMMON_BLOCKS = YES;
				GCC_OPTIMIZATION_LEVEL = 0;
				GCC_PREPROCESSOR_DEFINITIONS = (
					"DEBUG=1",
					"$(inherited)",
				);
				GCC_WARN_64_TO_32_BIT_CONVERSION = YES;
				GCC_WARN_ABOUT_RETURN_TYPE = YES_ERROR;
				GCC_WARN_UNDECLARED_SELECTOR = YES;
				GCC_WARN_UNINITIALIZED_AUTOS = YES_AGGRESSIVE;
				GCC_WARN_UNUSED_FUNCTION = YES;
				GCC_WARN_UNUSED_VARIABLE = YES;
				IPHONEOS_DEPLOYMENT_TARGET = 15.4;
				MTL_ENABLE_DEBUG_INFO = INCLUDE_SOURCE;
				MTL_FAST_MATH = YES;
				ONLY_ACTIVE_ARCH = YES;
				SDKROOT = iphoneos;
				SWIFT_ACTIVE_COMPILATION_CONDITIONS = DEBUG;
				SWIFT_OPTIMIZATION_LEVEL = "-Onone";
			};
			name = Debug;
		};
		B616CA8D2840EACF009F4AA4 /* Release */ = {
			isa = XCBuildConfiguration;
			buildSettings = {
				ALWAYS_SEARCH_USER_PATHS = NO;
				CLANG_ANALYZER_NONNULL = YES;
				CLANG_ANALYZER_NUMBER_OBJECT_CONVERSION = YES_AGGRESSIVE;
				CLANG_CXX_LANGUAGE_STANDARD = "gnu++17";
				CLANG_ENABLE_MODULES = YES;
				CLANG_ENABLE_OBJC_ARC = YES;
				CLANG_ENABLE_OBJC_WEAK = YES;
				CLANG_WARN_BLOCK_CAPTURE_AUTORELEASING = YES;
				CLANG_WARN_BOOL_CONVERSION = YES;
				CLANG_WARN_COMMA = YES;
				CLANG_WARN_CONSTANT_CONVERSION = YES;
				CLANG_WARN_DEPRECATED_OBJC_IMPLEMENTATIONS = YES;
				CLANG_WARN_DIRECT_OBJC_ISA_USAGE = YES_ERROR;
				CLANG_WARN_DOCUMENTATION_COMMENTS = YES;
				CLANG_WARN_EMPTY_BODY = YES;
				CLANG_WARN_ENUM_CONVERSION = YES;
				CLANG_WARN_INFINITE_RECURSION = YES;
				CLANG_WARN_INT_CONVERSION = YES;
				CLANG_WARN_NON_LITERAL_NULL_CONVERSION = YES;
				CLANG_WARN_OBJC_IMPLICIT_RETAIN_SELF = YES;
				CLANG_WARN_OBJC_LITERAL_CONVERSION = YES;
				CLANG_WARN_OBJC_ROOT_CLASS = YES_ERROR;
				CLANG_WARN_QUOTED_INCLUDE_IN_FRAMEWORK_HEADER = YES;
				CLANG_WARN_RANGE_LOOP_ANALYSIS = YES;
				CLANG_WARN_STRICT_PROTOTYPES = YES;
				CLANG_WARN_SUSPICIOUS_MOVE = YES;
				CLANG_WARN_UNGUARDED_AVAILABILITY = YES_AGGRESSIVE;
				CLANG_WARN_UNREACHABLE_CODE = YES;
				CLANG_WARN__DUPLICATE_METHOD_MATCH = YES;
				COPY_PHASE_STRIP = NO;
				DEBUG_INFORMATION_FORMAT = "dwarf-with-dsym";
				ENABLE_NS_ASSERTIONS = NO;
				ENABLE_STRICT_OBJC_MSGSEND = YES;
				GCC_C_LANGUAGE_STANDARD = gnu11;
				GCC_NO_COMMON_BLOCKS = YES;
				GCC_WARN_64_TO_32_BIT_CONVERSION = YES;
				GCC_WARN_ABOUT_RETURN_TYPE = YES_ERROR;
				GCC_WARN_UNDECLARED_SELECTOR = YES;
				GCC_WARN_UNINITIALIZED_AUTOS = YES_AGGRESSIVE;
				GCC_WARN_UNUSED_FUNCTION = YES;
				GCC_WARN_UNUSED_VARIABLE = YES;
				IPHONEOS_DEPLOYMENT_TARGET = 15.4;
				MTL_ENABLE_DEBUG_INFO = NO;
				MTL_FAST_MATH = YES;
				SDKROOT = iphoneos;
				SWIFT_COMPILATION_MODE = wholemodule;
				SWIFT_OPTIMIZATION_LEVEL = "-O";
				VALIDATE_PRODUCT = YES;
			};
			name = Release;
		};
		B616CA8F2840EACF009F4AA4 /* Debug */ = {
			isa = XCBuildConfiguration;
			buildSettings = {
				ASSETCATALOG_COMPILER_APPICON_NAME = AppIcon;
				ASSETCATALOG_COMPILER_GLOBAL_ACCENT_COLOR_NAME = AccentColor;
				CODE_SIGN_STYLE = Automatic;
				CURRENT_PROJECT_VERSION = 1;
				DEVELOPMENT_ASSET_PATHS = "\"TwiterSwiftUI/Preview Content\"";
				DEVELOPMENT_TEAM = H278GZ4GQ7;
				ENABLE_PREVIEWS = YES;
				GENERATE_INFOPLIST_FILE = YES;
				INFOPLIST_KEY_UIApplicationSceneManifest_Generation = YES;
				INFOPLIST_KEY_UIApplicationSupportsIndirectInputEvents = YES;
				INFOPLIST_KEY_UILaunchScreen_Generation = YES;
				INFOPLIST_KEY_UISupportedInterfaceOrientations_iPad = "UIInterfaceOrientationPortrait UIInterfaceOrientationPortraitUpsideDown UIInterfaceOrientationLandscapeLeft UIInterfaceOrientationLandscapeRight";
				INFOPLIST_KEY_UISupportedInterfaceOrientations_iPhone = "UIInterfaceOrientationPortrait UIInterfaceOrientationLandscapeLeft UIInterfaceOrientationLandscapeRight";
				LD_RUNPATH_SEARCH_PATHS = (
					"$(inherited)",
					"@executable_path/Frameworks",
				);
				MARKETING_VERSION = 1.0;
				PRODUCT_BUNDLE_IDENTIFIER = com.Alice.TwiterSwiftUI;
				PRODUCT_NAME = "$(TARGET_NAME)";
				SWIFT_EMIT_LOC_STRINGS = YES;
				SWIFT_VERSION = 5.0;
				TARGETED_DEVICE_FAMILY = "1,2";
			};
			name = Debug;
		};
		B616CA902840EACF009F4AA4 /* Release */ = {
			isa = XCBuildConfiguration;
			buildSettings = {
				ASSETCATALOG_COMPILER_APPICON_NAME = AppIcon;
				ASSETCATALOG_COMPILER_GLOBAL_ACCENT_COLOR_NAME = AccentColor;
				CODE_SIGN_STYLE = Automatic;
				CURRENT_PROJECT_VERSION = 1;
				DEVELOPMENT_ASSET_PATHS = "\"TwiterSwiftUI/Preview Content\"";
				DEVELOPMENT_TEAM = H278GZ4GQ7;
				ENABLE_PREVIEWS = YES;
				GENERATE_INFOPLIST_FILE = YES;
				INFOPLIST_KEY_UIApplicationSceneManifest_Generation = YES;
				INFOPLIST_KEY_UIApplicationSupportsIndirectInputEvents = YES;
				INFOPLIST_KEY_UILaunchScreen_Generation = YES;
				INFOPLIST_KEY_UISupportedInterfaceOrientations_iPad = "UIInterfaceOrientationPortrait UIInterfaceOrientationPortraitUpsideDown UIInterfaceOrientationLandscapeLeft UIInterfaceOrientationLandscapeRight";
				INFOPLIST_KEY_UISupportedInterfaceOrientations_iPhone = "UIInterfaceOrientationPortrait UIInterfaceOrientationLandscapeLeft UIInterfaceOrientationLandscapeRight";
				LD_RUNPATH_SEARCH_PATHS = (
					"$(inherited)",
					"@executable_path/Frameworks",
				);
				MARKETING_VERSION = 1.0;
				PRODUCT_BUNDLE_IDENTIFIER = com.Alice.TwiterSwiftUI;
				PRODUCT_NAME = "$(TARGET_NAME)";
				SWIFT_EMIT_LOC_STRINGS = YES;
				SWIFT_VERSION = 5.0;
				TARGETED_DEVICE_FAMILY = "1,2";
			};
			name = Release;
		};
/* End XCBuildConfiguration section */

/* Begin XCConfigurationList section */
		B616CA7B2840EACC009F4AA4 /* Build configuration list for PBXProject "TwiterSwiftUI" */ = {
			isa = XCConfigurationList;
			buildConfigurations = (
				B616CA8C2840EACF009F4AA4 /* Debug */,
				B616CA8D2840EACF009F4AA4 /* Release */,
			);
			defaultConfigurationIsVisible = 0;
			defaultConfigurationName = Release;
		};
		B616CA8E2840EACF009F4AA4 /* Build configuration list for PBXNativeTarget "TwiterSwiftUI" */ = {
			isa = XCConfigurationList;
			buildConfigurations = (
				B616CA8F2840EACF009F4AA4 /* Debug */,
				B616CA902840EACF009F4AA4 /* Release */,
			);
			defaultConfigurationIsVisible = 0;
			defaultConfigurationName = Release;
		};
/* End XCConfigurationList section */
	};
	rootObject = B616CA782840EACC009F4AA4 /* Project object */;
}
